
Microsoft Visual Studio Solution File, Format Version 12.00
# Visual Studio 15
VisualStudioVersion = 15.0.27428.2002
MinimumVisualStudioVersion = 10.0.40219.1
Project("{FAE04EC0-301F-11D3-BF4B-00C04F79EFBC}") = "AudioVolumeApp", "AudioVolumeApp\AudioVolumeApp.csproj", "{7F2EA5CC-C61C-490B-B43A-A385262FC8BA}"
EndProject
Global
	GlobalSection(SolutionConfigurationPlatforms) = preSolution
		Debug|Any CPU = Debug|Any CPU
		Release|Any CPU = Release|Any CPU
	EndGlobalSection
	GlobalSection(ProjectConfigurationPlatforms) = postSolution
		{7F2EA5CC-C61C-490B-B43A-A385262FC8BA}.Debug|Any CPU.ActiveCfg = Debug|Any CPU
		{7F2EA5CC-C61C-490B-B43A-A385262FC8BA}.Debug|Any CPU.Build.0 = Debug|Any CPU
		{7F2EA5CC-C61C-490B-B43A-A385262FC8BA}.Release|Any CPU.ActiveCfg = Release|Any CPU
		{7F2EA5CC-C61C-490B-B43A-A385262FC8BA}.Release|Any CPU.Build.0 = Release|Any CPU
	EndGlobalSection
	GlobalSection(SolutionProperties) = preSolution
		HideSolutionNode = FALSE
	EndGlobalSection
	GlobalSection(ExtensibilityGlobals) = postSolution
		SolutionGuid = {369D6B09-027F-4BB2-ADCD-DA7EB5BDB6B7}
	EndGlobalSection
EndGlobal
